
Microsoft Visual Studio Solution File, Format Version 12.00
# Visual Studio Version 17
VisualStudioVersion = 17.0.31903.59
MinimumVisualStudioVersion = 10.0.40219.1
Project("{2150E333-8FDC-42A3-9474-1A3956D46DE8}") = "src", "src", "{A9C28D98-0F4A-4383-B008-BBA0F9540E43}"
EndProject
Project("{2150E333-8FDC-42A3-9474-1A3956D46DE8}") = "test", "test", "{3E7F1EF5-6E05-41D9-9A34-48DFD68C82FF}"
EndProject
Project("{FAE04EC0-301F-11D3-BF4B-00C04F79EFBC}") = "SDL2.Core", "src\SDL2.Core\SDL2.Core.csproj", "{C8319C1E-4E33-4892-B435-D1B409DDC82E}"
EndProject
Project("{FAE04EC0-301F-11D3-BF4B-00C04F79EFBC}") = "SDL2.Core.Native", "src\native\SDL2.Core.Native\SDL2.Core.Native.csproj", "{EEC726DB-BE4C-4513-824C-710D64F3DD2D}"
EndProject
Project("{FAE04EC0-301F-11D3-BF4B-00C04F79EFBC}") = "SDL2.Image", "src\SDL2.Image\SDL2.Image.csproj", "{4484000E-F596-4A9D-AF9F-BDEA9193B5D3}"
EndProject
Project("{FAE04EC0-301F-11D3-BF4B-00C04F79EFBC}") = "SDL2.Image.Native", "src\native\SDL2.Image.Native\SDL2.Image.Native.csproj", "{F97B949C-8A18-4574-8E65-85F81ED8CF0A}"
EndProject
Project("{FAE04EC0-301F-11D3-BF4B-00C04F79EFBC}") = "SDL2.Gfx", "src\SDL2.Gfx\SDL2.Gfx.csproj", "{44938BBA-2DBF-40F3-BFDD-338F364B28D5}"
EndProject
Project("{FAE04EC0-301F-11D3-BF4B-00C04F79EFBC}") = "SDL2.Gfx.Native", "src\native\SDL2.Gfx.Native\SDL2.Gfx.Native.csproj", "{D6788FF8-4B26-44FE-B070-B0564D585DFB}"
EndProject
Project("{FAE04EC0-301F-11D3-BF4B-00C04F79EFBC}") = "SDL2.Mixer.Native", "src\native\SDL2.Mixer.Native\SDL2.Mixer.Native.csproj", "{C05DA1C0-2EC5-4CD7-A484-DEDD8F644137}"
EndProject
Project("{FAE04EC0-301F-11D3-BF4B-00C04F79EFBC}") = "SDL2.Mixer", "src\SDL2.Mixer\SDL2.Mixer.csproj", "{B5371EEC-F405-41CA-B915-59637BCB922F}"
EndProject
Project("{FAE04EC0-301F-11D3-BF4B-00C04F79EFBC}") = "SDL2.Ttf.Native", "src\native\SDL2.Ttf.Native\SDL2.Ttf.Native.csproj", "{29430495-AB4E-4248-83BB-328A512D1941}"
EndProject
Project("{FAE04EC0-301F-11D3-BF4B-00C04F79EFBC}") = "SDL2.Ttf", "src\SDL2.Ttf\SDL2.Ttf.csproj", "{D7B26602-C8E9-49E5-A3C7-C51AA4E0B9DD}"
EndProject
Project("{2150E333-8FDC-42A3-9474-1A3956D46DE8}") = "native", "native", "{DBDD4B41-8E5D-4054-9E86-774936387257}"
EndProject
Project("{2150E333-8FDC-42A3-9474-1A3956D46DE8}") = "build", "build", "{48B12DDA-EF6F-4EA0-AE3C-CB05AC322541}"
	ProjectSection(SolutionItems) = preProject
		build\manifest.json = build\manifest.json
		build\runtimes.json = build\runtimes.json
		build\system_artefacts.json = build\system_artefacts.json
	EndProjectSection
EndProject
Project("{FAE04EC0-301F-11D3-BF4B-00C04F79EFBC}") = "Build", "build\_build\Build.csproj", "{489AC60D-BC4D-4F0E-B590-060D10A196AF}"
EndProject
Project("{2150E333-8FDC-42A3-9474-1A3956D46DE8}") = "docs", "docs", "{CF74B8C4-9607-4806-9C87-2976BE91BB5A}"
	ProjectSection(SolutionItems) = preProject
		docs\cake-build-plan.md = docs\cake-build-plan.md
		docs\Cake Frosting Build Expertise_.md = docs\Cake Frosting Build Expertise_.md
	EndProjectSection
EndProject
Project("{2150E333-8FDC-42A3-9474-1A3956D46DE8}") = "scripts", "scripts", "{B4EA2835-20D1-45D0-A082-3B4D233BE0A0}"
	ProjectSection(SolutionItems) = preProject
		scripts\package_sdl2_artifacts.ps1 = scripts\package_sdl2_artifacts.ps1
		scripts\package_sdl2_artifacts.sh = scripts\package_sdl2_artifacts.sh
	EndProjectSection
EndProject
Project("{2150E333-8FDC-42A3-9474-1A3956D46DE8}") = ".github", ".github", "{CC52E61C-E734-49C2-A21D-C15D48DF6F3A}"
EndProject
Global
	GlobalSection(SolutionConfigurationPlatforms) = preSolution
		Debug|Any CPU = Debug|Any CPU
		Debug|x64 = Debug|x64
		Debug|x86 = Debug|x86
		Release|Any CPU = Release|Any CPU
		Release|x64 = Release|x64
		Release|x86 = Release|x86
	EndGlobalSection
	GlobalSection(ProjectConfigurationPlatforms) = postSolution
		{C8319C1E-4E33-4892-B435-D1B409DDC82E}.Debug|Any CPU.ActiveCfg = Debug|Any CPU
		{C8319C1E-4E33-4892-B435-D1B409DDC82E}.Debug|Any CPU.Build.0 = Debug|Any CPU
		{C8319C1E-4E33-4892-B435-D1B409DDC82E}.Debug|x86.ActiveCfg = Debug|Any CPU
		{C8319C1E-4E33-4892-B435-D1B409DDC82E}.Debug|x86.Build.0 = Debug|Any CPU
		{C8319C1E-4E33-4892-B435-D1B409DDC82E}.Release|Any CPU.ActiveCfg = Release|Any CPU
		{C8319C1E-4E33-4892-B435-D1B409DDC82E}.Release|Any CPU.Build.0 = Release|Any CPU
		{C8319C1E-4E33-4892-B435-D1B409DDC82E}.Debug|x64.ActiveCfg = Debug|Any CPU
		{C8319C1E-4E33-4892-B435-D1B409DDC82E}.Debug|x64.Build.0 = Debug|Any CPU
		{C8319C1E-4E33-4892-B435-D1B409DDC82E}.Release|x64.ActiveCfg = Release|Any CPU
		{C8319C1E-4E33-4892-B435-D1B409DDC82E}.Release|x64.Build.0 = Release|Any CPU
		{C8319C1E-4E33-4892-B435-D1B409DDC82E}.Release|x86.ActiveCfg = Release|Any CPU
		{C8319C1E-4E33-4892-B435-D1B409DDC82E}.Release|x86.Build.0 = Release|Any CPU
		{EEC726DB-BE4C-4513-824C-710D64F3DD2D}.Debug|Any CPU.ActiveCfg = Debug|Any CPU
		{EEC726DB-BE4C-4513-824C-710D64F3DD2D}.Debug|x64.ActiveCfg = Debug|Any CPU
		{EEC726DB-BE4C-4513-824C-710D64F3DD2D}.Debug|x86.ActiveCfg = Debug|Any CPU
		{EEC726DB-BE4C-4513-824C-710D64F3DD2D}.Release|Any CPU.ActiveCfg = Release|Any CPU
		{EEC726DB-BE4C-4513-824C-710D64F3DD2D}.Release|Any CPU.Build.0 = Release|Any CPU
		{EEC726DB-BE4C-4513-824C-710D64F3DD2D}.Release|x64.ActiveCfg = Release|Any CPU
		{EEC726DB-BE4C-4513-824C-710D64F3DD2D}.Release|x86.ActiveCfg = Release|Any CPU
		{EEC726DB-BE4C-4513-824C-710D64F3DD2D}.Debug|Any CPU.Build.0 = Debug|Any CPU
		{4484000E-F596-4A9D-AF9F-BDEA9193B5D3}.Debug|Any CPU.ActiveCfg = Debug|Any CPU
		{4484000E-F596-4A9D-AF9F-BDEA9193B5D3}.Debug|Any CPU.Build.0 = Debug|Any CPU
		{4484000E-F596-4A9D-AF9F-BDEA9193B5D3}.Debug|x64.ActiveCfg = Debug|Any CPU
		{4484000E-F596-4A9D-AF9F-BDEA9193B5D3}.Debug|x64.Build.0 = Debug|Any CPU
		{4484000E-F596-4A9D-AF9F-BDEA9193B5D3}.Debug|x86.ActiveCfg = Debug|Any CPU
		{4484000E-F596-4A9D-AF9F-BDEA9193B5D3}.Debug|x86.Build.0 = Debug|Any CPU
		{4484000E-F596-4A9D-AF9F-BDEA9193B5D3}.Release|Any CPU.ActiveCfg = Release|Any CPU
		{4484000E-F596-4A9D-AF9F-BDEA9193B5D3}.Release|Any CPU.Build.0 = Release|Any CPU
		{4484000E-F596-4A9D-AF9F-BDEA9193B5D3}.Release|x64.ActiveCfg = Release|Any CPU
		{4484000E-F596-4A9D-AF9F-BDEA9193B5D3}.Release|x64.Build.0 = Release|Any CPU
		{4484000E-F596-4A9D-AF9F-BDEA9193B5D3}.Release|x86.ActiveCfg = Release|Any CPU
		{4484000E-F596-4A9D-AF9F-BDEA9193B5D3}.Release|x86.Build.0 = Release|Any CPU
		{F97B949C-8A18-4574-8E65-85F81ED8CF0A}.Debug|Any CPU.ActiveCfg = Debug|Any CPU
		{F97B949C-8A18-4574-8E65-85F81ED8CF0A}.Debug|x64.ActiveCfg = Debug|Any CPU
		{F97B949C-8A18-4574-8E65-85F81ED8CF0A}.Debug|x86.ActiveCfg = Debug|Any CPU
		{F97B949C-8A18-4574-8E65-85F81ED8CF0A}.Release|Any CPU.ActiveCfg = Release|Any CPU
		{F97B949C-8A18-4574-8E65-85F81ED8CF0A}.Release|Any CPU.Build.0 = Release|Any CPU
		{F97B949C-8A18-4574-8E65-85F81ED8CF0A}.Release|x64.ActiveCfg = Release|Any CPU
		{F97B949C-8A18-4574-8E65-85F81ED8CF0A}.Release|x86.ActiveCfg = Release|Any CPU
		{F97B949C-8A18-4574-8E65-85F81ED8CF0A}.Debug|Any CPU.Build.0 = Debug|Any CPU
		{44938BBA-2DBF-40F3-BFDD-338F364B28D5}.Debug|Any CPU.ActiveCfg = Debug|Any CPU
		{44938BBA-2DBF-40F3-BFDD-338F364B28D5}.Debug|Any CPU.Build.0 = Debug|Any CPU
		{44938BBA-2DBF-40F3-BFDD-338F364B28D5}.Release|Any CPU.ActiveCfg = Release|Any CPU
		{44938BBA-2DBF-40F3-BFDD-338F364B28D5}.Release|Any CPU.Build.0 = Release|Any CPU
		{44938BBA-2DBF-40F3-BFDD-338F364B28D5}.Debug|x64.ActiveCfg = Debug|Any CPU
		{44938BBA-2DBF-40F3-BFDD-338F364B28D5}.Debug|x64.Build.0 = Debug|Any CPU
		{44938BBA-2DBF-40F3-BFDD-338F364B28D5}.Debug|x86.ActiveCfg = Debug|Any CPU
		{44938BBA-2DBF-40F3-BFDD-338F364B28D5}.Debug|x86.Build.0 = Debug|Any CPU
		{44938BBA-2DBF-40F3-BFDD-338F364B28D5}.Release|x64.ActiveCfg = Release|Any CPU
		{44938BBA-2DBF-40F3-BFDD-338F364B28D5}.Release|x64.Build.0 = Release|Any CPU
		{44938BBA-2DBF-40F3-BFDD-338F364B28D5}.Release|x86.ActiveCfg = Release|Any CPU
		{44938BBA-2DBF-40F3-BFDD-338F364B28D5}.Release|x86.Build.0 = Release|Any CPU
		{D6788FF8-4B26-44FE-B070-B0564D585DFB}.Debug|Any CPU.ActiveCfg = Debug|Any CPU
		{D6788FF8-4B26-44FE-B070-B0564D585DFB}.Release|Any CPU.ActiveCfg = Release|Any CPU
		{D6788FF8-4B26-44FE-B070-B0564D585DFB}.Release|Any CPU.Build.0 = Release|Any CPU
		{D6788FF8-4B26-44FE-B070-B0564D585DFB}.Debug|x64.ActiveCfg = Debug|Any CPU
		{D6788FF8-4B26-44FE-B070-B0564D585DFB}.Debug|x86.ActiveCfg = Debug|Any CPU
		{D6788FF8-4B26-44FE-B070-B0564D585DFB}.Release|x64.ActiveCfg = Release|Any CPU
		{D6788FF8-4B26-44FE-B070-B0564D585DFB}.Release|x86.ActiveCfg = Release|Any CPU
		{D6788FF8-4B26-44FE-B070-B0564D585DFB}.Debug|Any CPU.Build.0 = Debug|Any CPU
		{C05DA1C0-2EC5-4CD7-A484-DEDD8F644137}.Debug|Any CPU.ActiveCfg = Debug|Any CPU
		{C05DA1C0-2EC5-4CD7-A484-DEDD8F644137}.Release|Any CPU.ActiveCfg = Release|Any CPU
		{C05DA1C0-2EC5-4CD7-A484-DEDD8F644137}.Release|Any CPU.Build.0 = Release|Any CPU
		{C05DA1C0-2EC5-4CD7-A484-DEDD8F644137}.Debug|x64.ActiveCfg = Debug|Any CPU
		{C05DA1C0-2EC5-4CD7-A484-DEDD8F644137}.Debug|x86.ActiveCfg = Debug|Any CPU
		{C05DA1C0-2EC5-4CD7-A484-DEDD8F644137}.Release|x64.ActiveCfg = Release|Any CPU
		{C05DA1C0-2EC5-4CD7-A484-DEDD8F644137}.Release|x86.ActiveCfg = Release|Any CPU
		{C05DA1C0-2EC5-4CD7-A484-DEDD8F644137}.Debug|Any CPU.Build.0 = Debug|Any CPU
		{B5371EEC-F405-41CA-B915-59637BCB922F}.Debug|Any CPU.ActiveCfg = Debug|Any CPU
		{B5371EEC-F405-41CA-B915-59637BCB922F}.Debug|Any CPU.Build.0 = Debug|Any CPU
		{B5371EEC-F405-41CA-B915-59637BCB922F}.Release|Any CPU.ActiveCfg = Release|Any CPU
		{B5371EEC-F405-41CA-B915-59637BCB922F}.Release|Any CPU.Build.0 = Release|Any CPU
		{B5371EEC-F405-41CA-B915-59637BCB922F}.Debug|x64.ActiveCfg = Debug|Any CPU
		{B5371EEC-F405-41CA-B915-59637BCB922F}.Debug|x64.Build.0 = Debug|Any CPU
		{B5371EEC-F405-41CA-B915-59637BCB922F}.Debug|x86.ActiveCfg = Debug|Any CPU
		{B5371EEC-F405-41CA-B915-59637BCB922F}.Debug|x86.Build.0 = Debug|Any CPU
		{B5371EEC-F405-41CA-B915-59637BCB922F}.Release|x64.ActiveCfg = Release|Any CPU
		{B5371EEC-F405-41CA-B915-59637BCB922F}.Release|x64.Build.0 = Release|Any CPU
		{B5371EEC-F405-41CA-B915-59637BCB922F}.Release|x86.ActiveCfg = Release|Any CPU
		{B5371EEC-F405-41CA-B915-59637BCB922F}.Release|x86.Build.0 = Release|Any CPU
		{29430495-AB4E-4248-83BB-328A512D1941}.Debug|Any CPU.ActiveCfg = Debug|Any CPU
		{29430495-AB4E-4248-83BB-328A512D1941}.Release|Any CPU.ActiveCfg = Release|Any CPU
		{29430495-AB4E-4248-83BB-328A512D1941}.Release|Any CPU.Build.0 = Release|Any CPU
		{29430495-AB4E-4248-83BB-328A512D1941}.Debug|x86.ActiveCfg = Debug|Any CPU
		{29430495-AB4E-4248-83BB-328A512D1941}.Release|x64.ActiveCfg = Release|Any CPU
		{29430495-AB4E-4248-83BB-328A512D1941}.Release|x86.ActiveCfg = Release|Any CPU
		{29430495-AB4E-4248-83BB-328A512D1941}.Debug|Any CPU.Build.0 = Debug|Any CPU
		{D7B26602-C8E9-49E5-A3C7-C51AA4E0B9DD}.Debug|Any CPU.ActiveCfg = Debug|Any CPU
		{D7B26602-C8E9-49E5-A3C7-C51AA4E0B9DD}.Debug|Any CPU.Build.0 = Debug|Any CPU
		{D7B26602-C8E9-49E5-A3C7-C51AA4E0B9DD}.Release|Any CPU.ActiveCfg = Release|Any CPU
		{D7B26602-C8E9-49E5-A3C7-C51AA4E0B9DD}.Release|Any CPU.Build.0 = Release|Any CPU
		{D7B26602-C8E9-49E5-A3C7-C51AA4E0B9DD}.Debug|x64.ActiveCfg = Debug|Any CPU
		{D7B26602-C8E9-49E5-A3C7-C51AA4E0B9DD}.Debug|x64.Build.0 = Debug|Any CPU
		{D7B26602-C8E9-49E5-A3C7-C51AA4E0B9DD}.Debug|x86.ActiveCfg = Debug|Any CPU
		{D7B26602-C8E9-49E5-A3C7-C51AA4E0B9DD}.Debug|x86.Build.0 = Debug|Any CPU
		{D7B26602-C8E9-49E5-A3C7-C51AA4E0B9DD}.Release|x64.ActiveCfg = Release|Any CPU
		{D7B26602-C8E9-49E5-A3C7-C51AA4E0B9DD}.Release|x64.Build.0 = Release|Any CPU
		{D7B26602-C8E9-49E5-A3C7-C51AA4E0B9DD}.Release|x86.ActiveCfg = Release|Any CPU
		{D7B26602-C8E9-49E5-A3C7-C51AA4E0B9DD}.Release|x86.Build.0 = Release|Any CPU
		{489AC60D-BC4D-4F0E-B590-060D10A196AF}.Debug|Any CPU.ActiveCfg = Debug|Any CPU
		{489AC60D-BC4D-4F0E-B590-060D10A196AF}.Debug|Any CPU.Build.0 = Debug|Any CPU
		{489AC60D-BC4D-4F0E-B590-060D10A196AF}.Debug|x64.ActiveCfg = Debug|Any CPU
		{489AC60D-BC4D-4F0E-B590-060D10A196AF}.Debug|x64.Build.0 = Debug|Any CPU
		{489AC60D-BC4D-4F0E-B590-060D10A196AF}.Debug|x86.ActiveCfg = Debug|Any CPU
		{489AC60D-BC4D-4F0E-B590-060D10A196AF}.Debug|x86.Build.0 = Debug|Any CPU
		{489AC60D-BC4D-4F0E-B590-060D10A196AF}.Release|Any CPU.ActiveCfg = Release|Any CPU
		{489AC60D-BC4D-4F0E-B590-060D10A196AF}.Release|Any CPU.Build.0 = Release|Any CPU
		{489AC60D-BC4D-4F0E-B590-060D10A196AF}.Release|x64.ActiveCfg = Release|Any CPU
		{489AC60D-BC4D-4F0E-B590-060D10A196AF}.Release|x64.Build.0 = Release|Any CPU
		{489AC60D-BC4D-4F0E-B590-060D10A196AF}.Release|x86.ActiveCfg = Release|Any CPU
		{489AC60D-BC4D-4F0E-B590-060D10A196AF}.Release|x86.Build.0 = Release|Any CPU
	EndGlobalSection
	GlobalSection(SolutionProperties) = preSolution
		HideSolutionNode = FALSE
	EndGlobalSection
	GlobalSection(NestedProjects) = preSolution
		{C8319C1E-4E33-4892-B435-D1B409DDC82E} = {A9C28D98-0F4A-4383-B008-BBA0F9540E43}
		{EEC726DB-BE4C-4513-824C-710D64F3DD2D} = {DBDD4B41-8E5D-4054-9E86-774936387257}
		{4484000E-F596-4A9D-AF9F-BDEA9193B5D3} = {A9C28D98-0F4A-4383-B008-BBA0F9540E43}
		{F97B949C-8A18-4574-8E65-85F81ED8CF0A} = {DBDD4B41-8E5D-4054-9E86-774936387257}
		{44938BBA-2DBF-40F3-BFDD-338F364B28D5} = {A9C28D98-0F4A-4383-B008-BBA0F9540E43}
		{D6788FF8-4B26-44FE-B070-B0564D585DFB} = {DBDD4B41-8E5D-4054-9E86-774936387257}
		{C05DA1C0-2EC5-4CD7-A484-DEDD8F644137} = {DBDD4B41-8E5D-4054-9E86-774936387257}
		{B5371EEC-F405-41CA-B915-59637BCB922F} = {A9C28D98-0F4A-4383-B008-BBA0F9540E43}
		{29430495-AB4E-4248-83BB-328A512D1941} = {DBDD4B41-8E5D-4054-9E86-774936387257}
		{D7B26602-C8E9-49E5-A3C7-C51AA4E0B9DD} = {A9C28D98-0F4A-4383-B008-BBA0F9540E43}
		{DBDD4B41-8E5D-4054-9E86-774936387257} = {A9C28D98-0F4A-4383-B008-BBA0F9540E43}
		{489AC60D-BC4D-4F0E-B590-060D10A196AF} = {48B12DDA-EF6F-4EA0-AE3C-CB05AC322541}
	EndGlobalSection
EndGlobal
