<Solution>
  <Folder Name="/postprocess/">
    <Project Path="postprocess/Janset.SDL2.PostProcess.csproj" />
  </Folder>
  <Folder Name="/src/">
    <Project Path="src/Janset.SDL2.Core/Janset.SDL2.Core.csproj" />
    <Project Path="src/Janset.SDL2.Image/Janset.SDL2.Image.csproj" />
    <Project Path="src/Janset.SDL2.Gfx/Janset.SDL2.Gfx.csproj" />
  </Folder>
  <Folder Name="/tests/">
    <Project Path="tests/abi-tests/AbiTests.csproj" />
  </Folder>
</Solution>
