{
  "version": 2,
  "dependencies": {
    ".NETFramework,Version=v4.6.2": {
      "Meziantou.Analyzer": {
        "type": "Direct",
        "requested": "[2.0.189, )",
        "resolved": "2.0.189",
        "contentHash": "/e+dh95vDdvCTbViV2cWpXJEXAj+VHq7FsBXCTTTsLcffV0bkgXDFAPY0zMpy+Vt91Cl2cBoSOfaAoSdtn796Q=="
      },
      "Microsoft.CodeAnalysis.BannedApiAnalyzers": {
        "type": "Direct",
        "requested": "[3.3.4, )",
        "resolved": "3.3.4",
        "contentHash": "0k2Jwpc8eq0hjOtX6TxRkHm9clkJ2PAQ3heEHgqIJZcsfdFosC/iyz18nsgTVDDWpID80rC7aiYK7ripx+Qndg=="
      },
      "Microsoft.CodeAnalysis.NetAnalyzers": {
        "type": "Direct",
        "requested": "[9.0.0, )",
        "resolved": "9.0.0",
        "contentHash": "JajbvkrBgtdRghavIjcJuNHMOja4lqBmEezbhZyqWPYh2cpLhT5mPpfC7NQVDO4IehWQum9t/nwF4v+qQGtYWg=="
      },
      "Microsoft.NETFramework.ReferenceAssemblies": {
        "type": "Direct",
        "requested": "[1.0.3, )",
        "resolved": "1.0.3",
        "contentHash": "vUc9Npcs14QsyOD01tnv/m8sQUnGTGOw1BCmKcv77LBJY7OxhJ+zJF7UD/sCL3lYNFuqmQEVlkfS4Quif6FyYg==",
        "dependencies": {
          "Microsoft.NETFramework.ReferenceAssemblies.net462": "1.0.3"
        }
      },
      "Microsoft.SourceLink.GitHub": {
        "type": "Direct",
        "requested": "[8.0.0, )",
        "resolved": "8.0.0",
        "contentHash": "G5q7OqtwIyGTkeIOAc3u2ZuV/kicQaec5EaRnc0pIeSnh9LUjj+PYQrJYBURvDt7twGl2PKA7nSN0kz1Zw5bnQ==",
        "dependencies": {
          "Microsoft.Build.Tasks.Git": "8.0.0",
          "Microsoft.SourceLink.Common": "8.0.0"
        }
      },
      "Microsoft.VisualStudio.Threading.Analyzers": {
        "type": "Direct",
        "requested": "[17.13.61, )",
        "resolved": "17.13.61",
        "contentHash": "9ysRZR7xkVFsbwWjk0dx5tefySxhNMMwxmIr3G6UaFeugYE+TEghaTsmGiwT39maa2WFvH4zvjnEfDaCLq+Dtw=="
      },
      "MinVer": {
        "type": "Direct",
        "requested": "[7.0.0, )",
        "resolved": "7.0.0",
        "contentHash": "2lMTCQl5bGP4iv0JNkockPnyllC6eHLz+CoK2ICvalvHod+exXSxueu9hq+zNkU7bZBJf8wMfeRC/Edn8AGmEg=="
      },
      "Roslynator.Analyzers": {
        "type": "Direct",
        "requested": "[4.13.1, )",
        "resolved": "4.13.1",
        "contentHash": "KZpLy6ZlCebMk+d/3I5KU2R7AOb4LNJ6tPJqPtvFXmO8bEBHQvCIAvJOnY2tu4C9/aVOROTDYUFADxFqw1gh/g=="
      },
      "Roslynator.CodeAnalysis.Analyzers": {
        "type": "Direct",
        "requested": "[4.13.1, )",
        "resolved": "4.13.1",
        "contentHash": "PwbuGlRFp87pdx9GVIjDmFwkYEfxVQKs0yWuIedTrUht2JwIzLe0Y7QNzgeJaE7E3YsCVED09h1X6WBqQ95XIA=="
      },
      "Roslynator.Formatting.Analyzers": {
        "type": "Direct",
        "requested": "[4.13.1, )",
        "resolved": "4.13.1",
        "contentHash": "V9gCt0T1Tnu+jMWJDLiUV/vOTmGzmofEdVeUPKPdh8MJW7f3kkhFXSeDotwl8Ob88OxrBf+4LrV/D7OA4tAluA=="
      },
      "SecurityCodeScan.VS2019": {
        "type": "Direct",
        "requested": "[5.6.7, )",
        "resolved": "5.6.7",
        "contentHash": "WIE9RJswdSc2j+rLz2gW6U+gMUjMHzY2j7C/CL8/R2olXNM/+twarfMnWqm+rZodDBvaYDApJyxM8mVYf9FGrQ=="
      },
      "SonarAnalyzer.CSharp": {
        "type": "Direct",
        "requested": "[10.7.0.110445, )",
        "resolved": "10.7.0.110445",
        "contentHash": "U4v2LWopxADYkUv7Z5CX7ifKMdDVqHb7a1bzppIQnQi4WQR6z1Zi5rDkCHlVYGEd1U/WMz1IJCU8OmFZLJpVig=="
      },
      "Microsoft.Build.Tasks.Git": {
        "type": "Transitive",
        "resolved": "8.0.0",
        "contentHash": "bZKfSIKJRXLTuSzLudMFte/8CempWjVamNUR5eHJizsy+iuOuO/k2gnh7W0dHJmYY0tBf+gUErfluCv5mySAOQ=="
      },
      "Microsoft.NETFramework.ReferenceAssemblies.net462": {
        "type": "Transitive",
        "resolved": "1.0.3",
        "contentHash": "IzAV30z22ESCeQfxP29oVf4qEo8fBGXLXSU6oacv/9Iqe6PzgHDKCaWfwMBak7bSJQM0F5boXWoZS+kChztRIQ=="
      },
      "Microsoft.SourceLink.Common": {
        "type": "Transitive",
        "resolved": "8.0.0",
        "contentHash": "dk9JPxTCIevS75HyEQ0E4OVAFhB2N+V9ShCXf8Q6FkUQZDkgLI12y679Nym1YqsiSysuQskT7Z+6nUf3yab6Vw=="
      }
    },
    ".NETStandard,Version=v2.0": {
      "Meziantou.Analyzer": {
        "type": "Direct",
        "requested": "[2.0.189, )",
        "resolved": "2.0.189",
        "contentHash": "/e+dh95vDdvCTbViV2cWpXJEXAj+VHq7FsBXCTTTsLcffV0bkgXDFAPY0zMpy+Vt91Cl2cBoSOfaAoSdtn796Q=="
      },
      "Microsoft.CodeAnalysis.BannedApiAnalyzers": {
        "type": "Direct",
        "requested": "[3.3.4, )",
        "resolved": "3.3.4",
        "contentHash": "0k2Jwpc8eq0hjOtX6TxRkHm9clkJ2PAQ3heEHgqIJZcsfdFosC/iyz18nsgTVDDWpID80rC7aiYK7ripx+Qndg=="
      },
      "Microsoft.CodeAnalysis.NetAnalyzers": {
        "type": "Direct",
        "requested": "[9.0.0, )",
        "resolved": "9.0.0",
        "contentHash": "JajbvkrBgtdRghavIjcJuNHMOja4lqBmEezbhZyqWPYh2cpLhT5mPpfC7NQVDO4IehWQum9t/nwF4v+qQGtYWg=="
      },
      "Microsoft.SourceLink.GitHub": {
        "type": "Direct",
        "requested": "[8.0.0, )",
        "resolved": "8.0.0",
        "contentHash": "G5q7OqtwIyGTkeIOAc3u2ZuV/kicQaec5EaRnc0pIeSnh9LUjj+PYQrJYBURvDt7twGl2PKA7nSN0kz1Zw5bnQ==",
        "dependencies": {
          "Microsoft.Build.Tasks.Git": "8.0.0",
          "Microsoft.SourceLink.Common": "8.0.0"
        }
      },
      "Microsoft.VisualStudio.Threading.Analyzers": {
        "type": "Direct",
        "requested": "[17.13.61, )",
        "resolved": "17.13.61",
        "contentHash": "9ysRZR7xkVFsbwWjk0dx5tefySxhNMMwxmIr3G6UaFeugYE+TEghaTsmGiwT39maa2WFvH4zvjnEfDaCLq+Dtw=="
      },
      "MinVer": {
        "type": "Direct",
        "requested": "[7.0.0, )",
        "resolved": "7.0.0",
        "contentHash": "2lMTCQl5bGP4iv0JNkockPnyllC6eHLz+CoK2ICvalvHod+exXSxueu9hq+zNkU7bZBJf8wMfeRC/Edn8AGmEg=="
      },
      "NETStandard.Library": {
        "type": "Direct",
        "requested": "[2.0.3, )",
        "resolved": "2.0.3",
        "contentHash": "st47PosZSHrjECdjeIzZQbzivYBJFv6P2nv4cj2ypdI204DO+vZ7l5raGMiX4eXMJ53RfOIg+/s4DHVZ54Nu2A==",
        "dependencies": {
          "Microsoft.NETCore.Platforms": "1.1.0"
        }
      },
      "Roslynator.Analyzers": {
        "type": "Direct",
        "requested": "[4.13.1, )",
        "resolved": "4.13.1",
        "contentHash": "KZpLy6ZlCebMk+d/3I5KU2R7AOb4LNJ6tPJqPtvFXmO8bEBHQvCIAvJOnY2tu4C9/aVOROTDYUFADxFqw1gh/g=="
      },
      "Roslynator.CodeAnalysis.Analyzers": {
        "type": "Direct",
        "requested": "[4.13.1, )",
        "resolved": "4.13.1",
        "contentHash": "PwbuGlRFp87pdx9GVIjDmFwkYEfxVQKs0yWuIedTrUht2JwIzLe0Y7QNzgeJaE7E3YsCVED09h1X6WBqQ95XIA=="
      },
      "Roslynator.Formatting.Analyzers": {
        "type": "Direct",
        "requested": "[4.13.1, )",
        "resolved": "4.13.1",
        "contentHash": "V9gCt0T1Tnu+jMWJDLiUV/vOTmGzmofEdVeUPKPdh8MJW7f3kkhFXSeDotwl8Ob88OxrBf+4LrV/D7OA4tAluA=="
      },
      "SecurityCodeScan.VS2019": {
        "type": "Direct",
        "requested": "[5.6.7, )",
        "resolved": "5.6.7",
        "contentHash": "WIE9RJswdSc2j+rLz2gW6U+gMUjMHzY2j7C/CL8/R2olXNM/+twarfMnWqm+rZodDBvaYDApJyxM8mVYf9FGrQ=="
      },
      "SonarAnalyzer.CSharp": {
        "type": "Direct",
        "requested": "[10.7.0.110445, )",
        "resolved": "10.7.0.110445",
        "contentHash": "U4v2LWopxADYkUv7Z5CX7ifKMdDVqHb7a1bzppIQnQi4WQR6z1Zi5rDkCHlVYGEd1U/WMz1IJCU8OmFZLJpVig=="
      },
      "Microsoft.Build.Tasks.Git": {
        "type": "Transitive",
        "resolved": "8.0.0",
        "contentHash": "bZKfSIKJRXLTuSzLudMFte/8CempWjVamNUR5eHJizsy+iuOuO/k2gnh7W0dHJmYY0tBf+gUErfluCv5mySAOQ=="
      },
      "Microsoft.NETCore.Platforms": {
        "type": "Transitive",
        "resolved": "1.1.0",
        "contentHash": "kz0PEW2lhqygehI/d6XsPCQzD7ff7gUJaVGPVETX611eadGsA3A877GdSlU0LRVMCTH/+P3o2iDTak+S08V2+A=="
      },
      "Microsoft.SourceLink.Common": {
        "type": "Transitive",
        "resolved": "8.0.0",
        "contentHash": "dk9JPxTCIevS75HyEQ0E4OVAFhB2N+V9ShCXf8Q6FkUQZDkgLI12y679Nym1YqsiSysuQskT7Z+6nUf3yab6Vw=="
      }
    },
    "net8.0": {
      "Meziantou.Analyzer": {
        "type": "Direct",
        "requested": "[2.0.189, )",
        "resolved": "2.0.189",
        "contentHash": "/e+dh95vDdvCTbViV2cWpXJEXAj+VHq7FsBXCTTTsLcffV0bkgXDFAPY0zMpy+Vt91Cl2cBoSOfaAoSdtn796Q=="
      },
      "Microsoft.CodeAnalysis.BannedApiAnalyzers": {
        "type": "Direct",
        "requested": "[3.3.4, )",
        "resolved": "3.3.4",
        "contentHash": "0k2Jwpc8eq0hjOtX6TxRkHm9clkJ2PAQ3heEHgqIJZcsfdFosC/iyz18nsgTVDDWpID80rC7aiYK7ripx+Qndg=="
      },
      "Microsoft.CodeAnalysis.NetAnalyzers": {
        "type": "Direct",
        "requested": "[9.0.0, )",
        "resolved": "9.0.0",
        "contentHash": "JajbvkrBgtdRghavIjcJuNHMOja4lqBmEezbhZyqWPYh2cpLhT5mPpfC7NQVDO4IehWQum9t/nwF4v+qQGtYWg=="
      },
      "Microsoft.SourceLink.GitHub": {
        "type": "Direct",
        "requested": "[8.0.0, )",
        "resolved": "8.0.0",
        "contentHash": "G5q7OqtwIyGTkeIOAc3u2ZuV/kicQaec5EaRnc0pIeSnh9LUjj+PYQrJYBURvDt7twGl2PKA7nSN0kz1Zw5bnQ==",
        "dependencies": {
          "Microsoft.Build.Tasks.Git": "8.0.0",
          "Microsoft.SourceLink.Common": "8.0.0"
        }
      },
      "Microsoft.VisualStudio.Threading.Analyzers": {
        "type": "Direct",
        "requested": "[17.13.61, )",
        "resolved": "17.13.61",
        "contentHash": "9ysRZR7xkVFsbwWjk0dx5tefySxhNMMwxmIr3G6UaFeugYE+TEghaTsmGiwT39maa2WFvH4zvjnEfDaCLq+Dtw=="
      },
      "MinVer": {
        "type": "Direct",
        "requested": "[7.0.0, )",
        "resolved": "7.0.0",
        "contentHash": "2lMTCQl5bGP4iv0JNkockPnyllC6eHLz+CoK2ICvalvHod+exXSxueu9hq+zNkU7bZBJf8wMfeRC/Edn8AGmEg=="
      },
      "Roslynator.Analyzers": {
        "type": "Direct",
        "requested": "[4.13.1, )",
        "resolved": "4.13.1",
        "contentHash": "KZpLy6ZlCebMk+d/3I5KU2R7AOb4LNJ6tPJqPtvFXmO8bEBHQvCIAvJOnY2tu4C9/aVOROTDYUFADxFqw1gh/g=="
      },
      "Roslynator.CodeAnalysis.Analyzers": {
        "type": "Direct",
        "requested": "[4.13.1, )",
        "resolved": "4.13.1",
        "contentHash": "PwbuGlRFp87pdx9GVIjDmFwkYEfxVQKs0yWuIedTrUht2JwIzLe0Y7QNzgeJaE7E3YsCVED09h1X6WBqQ95XIA=="
      },
      "Roslynator.Formatting.Analyzers": {
        "type": "Direct",
        "requested": "[4.13.1, )",
        "resolved": "4.13.1",
        "contentHash": "V9gCt0T1Tnu+jMWJDLiUV/vOTmGzmofEdVeUPKPdh8MJW7f3kkhFXSeDotwl8Ob88OxrBf+4LrV/D7OA4tAluA=="
      },
      "SecurityCodeScan.VS2019": {
        "type": "Direct",
        "requested": "[5.6.7, )",
        "resolved": "5.6.7",
        "contentHash": "WIE9RJswdSc2j+rLz2gW6U+gMUjMHzY2j7C/CL8/R2olXNM/+twarfMnWqm+rZodDBvaYDApJyxM8mVYf9FGrQ=="
      },
      "SonarAnalyzer.CSharp": {
        "type": "Direct",
        "requested": "[10.7.0.110445, )",
        "resolved": "10.7.0.110445",
        "contentHash": "U4v2LWopxADYkUv7Z5CX7ifKMdDVqHb7a1bzppIQnQi4WQR6z1Zi5rDkCHlVYGEd1U/WMz1IJCU8OmFZLJpVig=="
      },
      "Microsoft.Build.Tasks.Git": {
        "type": "Transitive",
        "resolved": "8.0.0",
        "contentHash": "bZKfSIKJRXLTuSzLudMFte/8CempWjVamNUR5eHJizsy+iuOuO/k2gnh7W0dHJmYY0tBf+gUErfluCv5mySAOQ=="
      },
      "Microsoft.SourceLink.Common": {
        "type": "Transitive",
        "resolved": "8.0.0",
        "contentHash": "dk9JPxTCIevS75HyEQ0E4OVAFhB2N+V9ShCXf8Q6FkUQZDkgLI12y679Nym1YqsiSysuQskT7Z+6nUf3yab6Vw=="
      }
    },
    "net9.0": {
      "Meziantou.Analyzer": {
        "type": "Direct",
        "requested": "[2.0.189, )",
        "resolved": "2.0.189",
        "contentHash": "/e+dh95vDdvCTbViV2cWpXJEXAj+VHq7FsBXCTTTsLcffV0bkgXDFAPY0zMpy+Vt91Cl2cBoSOfaAoSdtn796Q=="
      },
      "Microsoft.CodeAnalysis.BannedApiAnalyzers": {
        "type": "Direct",
        "requested": "[3.3.4, )",
        "resolved": "3.3.4",
        "contentHash": "0k2Jwpc8eq0hjOtX6TxRkHm9clkJ2PAQ3heEHgqIJZcsfdFosC/iyz18nsgTVDDWpID80rC7aiYK7ripx+Qndg=="
      },
      "Microsoft.CodeAnalysis.NetAnalyzers": {
        "type": "Direct",
        "requested": "[9.0.0, )",
        "resolved": "9.0.0",
        "contentHash": "JajbvkrBgtdRghavIjcJuNHMOja4lqBmEezbhZyqWPYh2cpLhT5mPpfC7NQVDO4IehWQum9t/nwF4v+qQGtYWg=="
      },
      "Microsoft.SourceLink.GitHub": {
        "type": "Direct",
        "requested": "[8.0.0, )",
        "resolved": "8.0.0",
        "contentHash": "G5q7OqtwIyGTkeIOAc3u2ZuV/kicQaec5EaRnc0pIeSnh9LUjj+PYQrJYBURvDt7twGl2PKA7nSN0kz1Zw5bnQ==",
        "dependencies": {
          "Microsoft.Build.Tasks.Git": "8.0.0",
          "Microsoft.SourceLink.Common": "8.0.0"
        }
      },
      "Microsoft.VisualStudio.Threading.Analyzers": {
        "type": "Direct",
        "requested": "[17.13.61, )",
        "resolved": "17.13.61",
        "contentHash": "9ysRZR7xkVFsbwWjk0dx5tefySxhNMMwxmIr3G6UaFeugYE+TEghaTsmGiwT39maa2WFvH4zvjnEfDaCLq+Dtw=="
      },
      "MinVer": {
        "type": "Direct",
        "requested": "[7.0.0, )",
        "resolved": "7.0.0",
        "contentHash": "2lMTCQl5bGP4iv0JNkockPnyllC6eHLz+CoK2ICvalvHod+exXSxueu9hq+zNkU7bZBJf8wMfeRC/Edn8AGmEg=="
      },
      "Roslynator.Analyzers": {
        "type": "Direct",
        "requested": "[4.13.1, )",
        "resolved": "4.13.1",
        "contentHash": "KZpLy6ZlCebMk+d/3I5KU2R7AOb4LNJ6tPJqPtvFXmO8bEBHQvCIAvJOnY2tu4C9/aVOROTDYUFADxFqw1gh/g=="
      },
      "Roslynator.CodeAnalysis.Analyzers": {
        "type": "Direct",
        "requested": "[4.13.1, )",
        "resolved": "4.13.1",
        "contentHash": "PwbuGlRFp87pdx9GVIjDmFwkYEfxVQKs0yWuIedTrUht2JwIzLe0Y7QNzgeJaE7E3YsCVED09h1X6WBqQ95XIA=="
      },
      "Roslynator.Formatting.Analyzers": {
        "type": "Direct",
        "requested": "[4.13.1, )",
        "resolved": "4.13.1",
        "contentHash": "V9gCt0T1Tnu+jMWJDLiUV/vOTmGzmofEdVeUPKPdh8MJW7f3kkhFXSeDotwl8Ob88OxrBf+4LrV/D7OA4tAluA=="
      },
      "SecurityCodeScan.VS2019": {
        "type": "Direct",
        "requested": "[5.6.7, )",
        "resolved": "5.6.7",
        "contentHash": "WIE9RJswdSc2j+rLz2gW6U+gMUjMHzY2j7C/CL8/R2olXNM/+twarfMnWqm+rZodDBvaYDApJyxM8mVYf9FGrQ=="
      },
      "SonarAnalyzer.CSharp": {
        "type": "Direct",
        "requested": "[10.7.0.110445, )",
        "resolved": "10.7.0.110445",
        "contentHash": "U4v2LWopxADYkUv7Z5CX7ifKMdDVqHb7a1bzppIQnQi4WQR6z1Zi5rDkCHlVYGEd1U/WMz1IJCU8OmFZLJpVig=="
      },
      "Microsoft.Build.Tasks.Git": {
        "type": "Transitive",
        "resolved": "8.0.0",
        "contentHash": "bZKfSIKJRXLTuSzLudMFte/8CempWjVamNUR5eHJizsy+iuOuO/k2gnh7W0dHJmYY0tBf+gUErfluCv5mySAOQ=="
      },
      "Microsoft.SourceLink.Common": {
        "type": "Transitive",
        "resolved": "8.0.0",
        "contentHash": "dk9JPxTCIevS75HyEQ0E4OVAFhB2N+V9ShCXf8Q6FkUQZDkgLI12y679Nym1YqsiSysuQskT7Z+6nUf3yab6Vw=="
      }
    }
  }
}